// !$*UTF8*$!
{
	archiveVersion = 1;
	classes = {
	};
	objectVersion = 55;
	objects = {

/* Begin PBXBuildFile section */
		E65779A3284F8E0700E69329 /* AppDelegate.swift in Sources */ = {isa = PBXBuildFile; fileRef = E65779A2284F8E0700E69329 /* AppDelegate.swift */; };
		E65779A5284F8E0700E69329 /* SceneDelegate.swift in Sources */ = {isa = PBXBuildFile; fileRef = E65779A4284F8E0700E69329 /* SceneDelegate.swift */; };
		E65779A7284F8E0700E69329 /* MainViewController.swift in Sources */ = {isa = PBXBuildFile; fileRef = E65779A6284F8E0700E69329 /* MainViewController.swift */; };
		E65779AC284F8E0A00E69329 /* Assets.xcassets in Resources */ = {isa = PBXBuildFile; fileRef = E65779AB284F8E0A00E69329 /* Assets.xcassets */; };
		E65779AF284F8E0A00E69329 /* LaunchScreen.storyboard in Resources */ = {isa = PBXBuildFile; fileRef = E65779AD284F8E0A00E69329 /* LaunchScreen.storyboard */; };
		E65779BA284F8E0B00E69329 /* Atthelic_AppTests.swift in Sources */ = {isa = PBXBuildFile; fileRef = E65779B9284F8E0B00E69329 /* Atthelic_AppTests.swift */; };
		E65779C4284F8E0B00E69329 /* Atthelic_AppUITests.swift in Sources */ = {isa = PBXBuildFile; fileRef = E65779C3284F8E0B00E69329 /* Atthelic_AppUITests.swift */; };
		E65779C6284F8E0B00E69329 /* Atthelic_AppUITestsLaunchTests.swift in Sources */ = {isa = PBXBuildFile; fileRef = E65779C5284F8E0B00E69329 /* Atthelic_AppUITestsLaunchTests.swift */; };
		E65779DB284F8E8B00E69329 /* RootCordinator.swift in Sources */ = {isa = PBXBuildFile; fileRef = E65779DA284F8E8B00E69329 /* RootCordinator.swift */; };
		E65779DE284F8EF900E69329 /* RootFactory.swift in Sources */ = {isa = PBXBuildFile; fileRef = E65779DD284F8EF900E69329 /* RootFactory.swift */; };
		E65779E0284F8F4800E69329 /* MainViewModel.swift in Sources */ = {isa = PBXBuildFile; fileRef = E65779DF284F8F4800E69329 /* MainViewModel.swift */; };
		E65779E2284F8F7200E69329 /* MainViewContracts+Utilities.swift in Sources */ = {isa = PBXBuildFile; fileRef = E65779E1284F8F7200E69329 /* MainViewContracts+Utilities.swift */; };
		E65779E5284F8FB400E69329 /* String+Extension.swift in Sources */ = {isa = PBXBuildFile; fileRef = E65779E4284F8FB400E69329 /* String+Extension.swift */; };
		E65779E7284F902600E69329 /* MainViewDataProvider.swift in Sources */ = {isa = PBXBuildFile; fileRef = E65779E6284F902600E69329 /* MainViewDataProvider.swift */; };
/* End PBXBuildFile section */

/* Begin PBXContainerItemProxy section */
		E65779B6284F8E0B00E69329 /* PBXContainerItemProxy */ = {
			isa = PBXContainerItemProxy;
			containerPortal = E6577997284F8E0700E69329 /* Project object */;
			proxyType = 1;
			remoteGlobalIDString = E657799E284F8E0700E69329;
			remoteInfo = "Atthelic App";
		};
		E65779C0284F8E0B00E69329 /* PBXContainerItemProxy */ = {
			isa = PBXContainerItemProxy;
			containerPortal = E6577997284F8E0700E69329 /* Project object */;
			proxyType = 1;
			remoteGlobalIDString = E657799E284F8E0700E69329;
			remoteInfo = "Atthelic App";
		};
/* End PBXContainerItemProxy section */

/* Begin PBXFileReference section */
		E657799F284F8E0700E69329 /* Atthelic App.app */ = {isa = PBXFileReference; explicitFileType = wrapper.application; includeInIndex = 0; path = "Atthelic App.app"; sourceTree = BUILT_PRODUCTS_DIR; };
		E65779A2284F8E0700E69329 /* AppDelegate.swift */ = {isa = PBXFileReference; lastKnownFileType = sourcecode.swift; path = AppDelegate.swift; sourceTree = "<group>"; };
		E65779A4284F8E0700E69329 /* SceneDelegate.swift */ = {isa = PBXFileReference; lastKnownFileType = sourcecode.swift; path = SceneDelegate.swift; sourceTree = "<group>"; };
		E65779A6284F8E0700E69329 /* MainViewController.swift */ = {isa = PBXFileReference; lastKnownFileType = sourcecode.swift; path = MainViewController.swift; sourceTree = "<group>"; };
		E65779AB284F8E0A00E69329 /* Assets.xcassets */ = {isa = PBXFileReference; lastKnownFileType = folder.assetcatalog; path = Assets.xcassets; sourceTree = "<group>"; };
		E65779AE284F8E0A00E69329 /* Base */ = {isa = PBXFileReference; lastKnownFileType = file.storyboard; name = Base; path = Base.lproj/LaunchScreen.storyboard; sourceTree = "<group>"; };
		E65779B0284F8E0A00E69329 /* Info.plist */ = {isa = PBXFileReference; lastKnownFileType = text.plist.xml; path = Info.plist; sourceTree = "<group>"; };
		E65779B5284F8E0B00E69329 /* Atthelic AppTests.xctest */ = {isa = PBXFileReference; explicitFileType = wrapper.cfbundle; includeInIndex = 0; path = "Atthelic AppTests.xctest"; sourceTree = BUILT_PRODUCTS_DIR; };
		E65779B9284F8E0B00E69329 /* Atthelic_AppTests.swift */ = {isa = PBXFileReference; lastKnownFileType = sourcecode.swift; path = Atthelic_AppTests.swift; sourceTree = "<group>"; };
		E65779BF284F8E0B00E69329 /* Atthelic AppUITests.xctest */ = {isa = PBXFileReference; explicitFileType = wrapper.cfbundle; includeInIndex = 0; path = "Atthelic AppUITests.xctest"; sourceTree = BUILT_PRODUCTS_DIR; };
		E65779C3284F8E0B00E69329 /* Atthelic_AppUITests.swift */ = {isa = PBXFileReference; lastKnownFileType = sourcecode.swift; path = Atthelic_AppUITests.swift; sourceTree = "<group>"; };
		E65779C5284F8E0B00E69329 /* Atthelic_AppUITestsLaunchTests.swift */ = {isa = PBXFileReference; lastKnownFileType = sourcecode.swift; path = Atthelic_AppUITestsLaunchTests.swift; sourceTree = "<group>"; };
		E65779DA284F8E8B00E69329 /* RootCordinator.swift */ = {isa = PBXFileReference; lastKnownFileType = sourcecode.swift; path = RootCordinator.swift; sourceTree = "<group>"; };
		E65779DD284F8EF900E69329 /* RootFactory.swift */ = {isa = PBXFileReference; lastKnownFileType = sourcecode.swift; path = RootFactory.swift; sourceTree = "<group>"; };
		E65779DF284F8F4800E69329 /* MainViewModel.swift */ = {isa = PBXFileReference; lastKnownFileType = sourcecode.swift; path = MainViewModel.swift; sourceTree = "<group>"; };
		E65779E1284F8F7200E69329 /* MainViewContracts+Utilities.swift */ = {isa = PBXFileReference; lastKnownFileType = sourcecode.swift; path = "MainViewContracts+Utilities.swift"; sourceTree = "<group>"; };
		E65779E4284F8FB400E69329 /* String+Extension.swift */ = {isa = PBXFileReference; lastKnownFileType = sourcecode.swift; path = "String+Extension.swift"; sourceTree = "<group>"; };
		E65779E6284F902600E69329 /* MainViewDataProvider.swift */ = {isa = PBXFileReference; lastKnownFileType = sourcecode.swift; path = MainViewDataProvider.swift; sourceTree = "<group>"; };
/* End PBXFileReference section */

/* Begin PBXFrameworksBuildPhase section */
		E657799C284F8E0700E69329 /* Frameworks */ = {
			isa = PBXFrameworksBuildPhase;
			buildActionMask = 2147483647;
			files = (
			);
			runOnlyForDeploymentPostprocessing = 0;
		};
		E65779B2284F8E0B00E69329 /* Frameworks */ = {
			isa = PBXFrameworksBuildPhase;
			buildActionMask = 2147483647;
			files = (
			);
			runOnlyForDeploymentPostprocessing = 0;
		};
		E65779BC284F8E0B00E69329 /* Frameworks */ = {
			isa = PBXFrameworksBuildPhase;
			buildActionMask = 2147483647;
			files = (
			);
			runOnlyForDeploymentPostprocessing = 0;
		};
/* End PBXFrameworksBuildPhase section */

/* Begin PBXGroup section */
		E6577996284F8E0700E69329 = {
			isa = PBXGroup;
			children = (
				E65779A1284F8E0700E69329 /* Atthelic App */,
				E65779B8284F8E0B00E69329 /* Atthelic AppTests */,
				E65779C2284F8E0B00E69329 /* Atthelic AppUITests */,
				E65779A0284F8E0700E69329 /* Products */,
			);
			sourceTree = "<group>";
		};
		E65779A0284F8E0700E69329 /* Products */ = {
			isa = PBXGroup;
			children = (
				E657799F284F8E0700E69329 /* Atthelic App.app */,
				E65779B5284F8E0B00E69329 /* Atthelic AppTests.xctest */,
				E65779BF284F8E0B00E69329 /* Atthelic AppUITests.xctest */,
			);
			name = Products;
			sourceTree = "<group>";
		};
		E65779A1284F8E0700E69329 /* Atthelic App */ = {
			isa = PBXGroup;
			children = (
				E65779D2284F8E4600E69329 /* App */,
				E65779D9284F8E8100E69329 /* Root */,
				E65779D5284F8E6000E69329 /* Modules */,
				E65779D3284F8E5000E69329 /* Shared */,
				E65779E8284F91F200E69329 /* DMI */,
				E65779AD284F8E0A00E69329 /* LaunchScreen.storyboard */,
				E65779B0284F8E0A00E69329 /* Info.plist */,
			);
			path = "Atthelic App";
			sourceTree = "<group>";
		};
		E65779B8284F8E0B00E69329 /* Atthelic AppTests */ = {
			isa = PBXGroup;
			children = (
				E65779B9284F8E0B00E69329 /* Atthelic_AppTests.swift */,
			);
			path = "Atthelic AppTests";
			sourceTree = "<group>";
		};
		E65779C2284F8E0B00E69329 /* Atthelic AppUITests */ = {
			isa = PBXGroup;
			children = (
				E65779C3284F8E0B00E69329 /* Atthelic_AppUITests.swift */,
				E65779C5284F8E0B00E69329 /* Atthelic_AppUITestsLaunchTests.swift */,
			);
			path = "Atthelic AppUITests";
			sourceTree = "<group>";
		};
		E65779D2284F8E4600E69329 /* App */ = {
			isa = PBXGroup;
			children = (
				E65779A2284F8E0700E69329 /* AppDelegate.swift */,
				E65779A4284F8E0700E69329 /* SceneDelegate.swift */,
			);
			path = App;
			sourceTree = "<group>";
		};
		E65779D3284F8E5000E69329 /* Shared */ = {
			isa = PBXGroup;
			children = (
				E65779E3284F8FA900E69329 /* Extensions */,
				E65779D4284F8E5600E69329 /* Resources */,
			);
			path = Shared;
			sourceTree = "<group>";
		};
		E65779D4284F8E5600E69329 /* Resources */ = {
			isa = PBXGroup;
			children = (
				E65779AB284F8E0A00E69329 /* Assets.xcassets */,
			);
			path = Resources;
			sourceTree = "<group>";
		};
		E65779D5284F8E6000E69329 /* Modules */ = {
			isa = PBXGroup;
			children = (
				E65779D8284F8E7100E69329 /* Detail View */,
				E65779D7284F8E6C00E69329 /* Splash Screen */,
				E65779D6284F8E6500E69329 /* MainView  */,
			);
			path = Modules;
			sourceTree = "<group>";
		};
		E65779D6284F8E6500E69329 /* MainView  */ = {
			isa = PBXGroup;
			children = (
				E65779A6284F8E0700E69329 /* MainViewController.swift */,
				E65779DF284F8F4800E69329 /* MainViewModel.swift */,
				E65779E1284F8F7200E69329 /* MainViewContracts+Utilities.swift */,
				E65779E6284F902600E69329 /* MainViewDataProvider.swift */,
			);
			name = "MainView ";
			sourceTree = "<group>";
		};
		E65779D7284F8E6C00E69329 /* Splash Screen */ = {
			isa = PBXGroup;
			children = (
			);
			name = "Splash Screen";
			sourceTree = "<group>";
		};
		E65779D8284F8E7100E69329 /* Detail View */ = {
			isa = PBXGroup;
			children = (
			);
			name = "Detail View";
			sourceTree = "<group>";
		};
		E65779D9284F8E8100E69329 /* Root */ = {
			isa = PBXGroup;
			children = (
				E65779DA284F8E8B00E69329 /* RootCordinator.swift */,
				E65779DD284F8EF900E69329 /* RootFactory.swift */,
			);
			path = Root;
			sourceTree = "<group>";
		};
		E65779E3284F8FA900E69329 /* Extensions */ = {
			isa = PBXGroup;
			children = (
				E65779E4284F8FB400E69329 /* String+Extension.swift */,
			);
			path = Extensions;
			sourceTree = "<group>";
		};
		E65779E8284F91F200E69329 /* DMI */ = {
			isa = PBXGroup;
			children = (
			);
			path = DMI;
			sourceTree = "<group>";
		};
/* End PBXGroup section */

/* Begin PBXNativeTarget section */
		E657799E284F8E0700E69329 /* Atthelic App */ = {
			isa = PBXNativeTarget;
			buildConfigurationList = E65779C9284F8E0B00E69329 /* Build configuration list for PBXNativeTarget "Atthelic App" */;
			buildPhases = (
				E657799B284F8E0700E69329 /* Sources */,
				E657799C284F8E0700E69329 /* Frameworks */,
				E657799D284F8E0700E69329 /* Resources */,
			);
			buildRules = (
			);
			dependencies = (
			);
			name = "Atthelic App";
			productName = "Atthelic App";
			productReference = E657799F284F8E0700E69329 /* Atthelic App.app */;
			productType = "com.apple.product-type.application";
		};
		E65779B4284F8E0B00E69329 /* Atthelic AppTests */ = {
			isa = PBXNativeTarget;
			buildConfigurationList = E65779CC284F8E0B00E69329 /* Build configuration list for PBXNativeTarget "Atthelic AppTests" */;
			buildPhases = (
				E65779B1284F8E0B00E69329 /* Sources */,
				E65779B2284F8E0B00E69329 /* Frameworks */,
				E65779B3284F8E0B00E69329 /* Resources */,
			);
			buildRules = (
			);
			dependencies = (
				E65779B7284F8E0B00E69329 /* PBXTargetDependency */,
			);
			name = "Atthelic AppTests";
			productName = "Atthelic AppTests";
			productReference = E65779B5284F8E0B00E69329 /* Atthelic AppTests.xctest */;
			productType = "com.apple.product-type.bundle.unit-test";
		};
		E65779BE284F8E0B00E69329 /* Atthelic AppUITests */ = {
			isa = PBXNativeTarget;
			buildConfigurationList = E65779CF284F8E0B00E69329 /* Build configuration list for PBXNativeTarget "Atthelic AppUITests" */;
			buildPhases = (
				E65779BB284F8E0B00E69329 /* Sources */,
				E65779BC284F8E0B00E69329 /* Frameworks */,
				E65779BD284F8E0B00E69329 /* Resources */,
			);
			buildRules = (
			);
			dependencies = (
				E65779C1284F8E0B00E69329 /* PBXTargetDependency */,
			);
			name = "Atthelic AppUITests";
			productName = "Atthelic AppUITests";
			productReference = E65779BF284F8E0B00E69329 /* Atthelic AppUITests.xctest */;
			productType = "com.apple.product-type.bundle.ui-testing";
		};
/* End PBXNativeTarget section */

/* Begin PBXProject section */
		E6577997284F8E0700E69329 /* Project object */ = {
			isa = PBXProject;
			attributes = {
				BuildIndependentTargetsInParallel = 1;
				LastSwiftUpdateCheck = 1340;
				LastUpgradeCheck = 1340;
				TargetAttributes = {
					E657799E284F8E0700E69329 = {
						CreatedOnToolsVersion = 13.4.1;
					};
					E65779B4284F8E0B00E69329 = {
						CreatedOnToolsVersion = 13.4.1;
						TestTargetID = E657799E284F8E0700E69329;
					};
					E65779BE284F8E0B00E69329 = {
						CreatedOnToolsVersion = 13.4.1;
						TestTargetID = E657799E284F8E0700E69329;
					};
				};
			};
			buildConfigurationList = E657799A284F8E0700E69329 /* Build configuration list for PBXProject "Atthelic App" */;
			compatibilityVersion = "Xcode 13.0";
			developmentRegion = en;
			hasScannedForEncodings = 0;
			knownRegions = (
				en,
				Base,
			);
			mainGroup = E6577996284F8E0700E69329;
			productRefGroup = E65779A0284F8E0700E69329 /* Products */;
			projectDirPath = "";
			projectRoot = "";
			targets = (
				E657799E284F8E0700E69329 /* Atthelic App */,
				E65779B4284F8E0B00E69329 /* Atthelic AppTests */,
				E65779BE284F8E0B00E69329 /* Atthelic AppUITests */,
			);
		};
/* End PBXProject section */

/* Begin PBXResourcesBuildPhase section */
		E657799D284F8E0700E69329 /* Resources */ = {
			isa = PBXResourcesBuildPhase;
			buildActionMask = 2147483647;
			files = (
				E65779AF284F8E0A00E69329 /* LaunchScreen.storyboard in Resources */,
				E65779AC284F8E0A00E69329 /* Assets.xcassets in Resources */,
			);
			runOnlyForDeploymentPostprocessing = 0;
		};
		E65779B3284F8E0B00E69329 /* Resources */ = {
			isa = PBXResourcesBuildPhase;
			buildActionMask = 2147483647;
			files = (
			);
			runOnlyForDeploymentPostprocessing = 0;
		};
		E65779BD284F8E0B00E69329 /* Resources */ = {
			isa = PBXResourcesBuildPhase;
			buildActionMask = 2147483647;
			files = (
			);
			runOnlyForDeploymentPostprocessing = 0;
		};
/* End PBXResourcesBuildPhase section */

/* Begin PBXSourcesBuildPhase section */
		E657799B284F8E0700E69329 /* Sources */ = {
			isa = PBXSourcesBuildPhase;
			buildActionMask = 2147483647;
			files = (
				E65779E5284F8FB400E69329 /* String+Extension.swift in Sources */,
				E65779DB284F8E8B00E69329 /* RootCordinator.swift in Sources */,
				E65779DE284F8EF900E69329 /* RootFactory.swift in Sources */,
				E65779E7284F902600E69329 /* MainViewDataProvider.swift in Sources */,
				E65779A7284F8E0700E69329 /* MainViewController.swift in Sources */,
				E65779A3284F8E0700E69329 /* AppDelegate.swift in Sources */,
				E65779E2284F8F7200E69329 /* MainViewContracts+Utilities.swift in Sources */,
				E65779A5284F8E0700E69329 /* SceneDelegate.swift in Sources */,
				E65779E0284F8F4800E69329 /* MainViewModel.swift in Sources */,
			);
			runOnlyForDeploymentPostprocessing = 0;
		};
		E65779B1284F8E0B00E69329 /* Sources */ = {
			isa = PBXSourcesBuildPhase;
			buildActionMask = 2147483647;
			files = (
				E65779BA284F8E0B00E69329 /* Atthelic_AppTests.swift in Sources */,
			);
			runOnlyForDeploymentPostprocessing = 0;
		};
		E65779BB284F8E0B00E69329 /* Sources */ = {
			isa = PBXSourcesBuildPhase;
			buildActionMask = 2147483647;
			files = (
				E65779C6284F8E0B00E69329 /* Atthelic_AppUITestsLaunchTests.swift in Sources */,
				E65779C4284F8E0B00E69329 /* Atthelic_AppUITests.swift in Sources */,
			);
			runOnlyForDeploymentPostprocessing = 0;
		};
/* End PBXSourcesBuildPhase section */

/* Begin PBXTargetDependency section */
		E65779B7284F8E0B00E69329 /* PBXTargetDependency */ = {
			isa = PBXTargetDependency;
			target = E657799E284F8E0700E69329 /* Atthelic App */;
			targetProxy = E65779B6284F8E0B00E69329 /* PBXContainerItemProxy */;
		};
		E65779C1284F8E0B00E69329 /* PBXTargetDependency */ = {
			isa = PBXTargetDependency;
			target = E657799E284F8E0700E69329 /* Atthelic App */;
			targetProxy = E65779C0284F8E0B00E69329 /* PBXContainerItemProxy */;
		};
/* End PBXTargetDependency section */

/* Begin PBXVariantGroup section */
		E65779AD284F8E0A00E69329 /* LaunchScreen.storyboard */ = {
			isa = PBXVariantGroup;
			children = (
				E65779AE284F8E0A00E69329 /* Base */,
			);
			name = LaunchScreen.storyboard;
			sourceTree = "<group>";
		};
/* End PBXVariantGroup section */

/* Begin XCBuildConfiguration section */
		E65779C7284F8E0B00E69329 /* Debug */ = {
			isa = XCBuildConfiguration;
			buildSettings = {
				ALWAYS_SEARCH_USER_PATHS = NO;
				CLANG_ANALYZER_NONNULL = YES;
				CLANG_ANALYZER_NUMBER_OBJECT_CONVERSION = YES_AGGRESSIVE;
				CLANG_CXX_LANGUAGE_STANDARD = "gnu++17";
				CLANG_ENABLE_MODULES = YES;
				CLANG_ENABLE_OBJC_ARC = YES;
				CLANG_ENABLE_OBJC_WEAK = YES;
				CLANG_WARN_BLOCK_CAPTURE_AUTORELEASING = YES;
				CLANG_WARN_BOOL_CONVERSION = YES;
				CLANG_WARN_COMMA = YES;
				CLANG_WARN_CONSTANT_CONVERSION = YES;
				CLANG_WARN_DEPRECATED_OBJC_IMPLEMENTATIONS = YES;
				CLANG_WARN_DIRECT_OBJC_ISA_USAGE = YES_ERROR;
				CLANG_WARN_DOCUMENTATION_COMMENTS = YES;
				CLANG_WARN_EMPTY_BODY = YES;
				CLANG_WARN_ENUM_CONVERSION = YES;
				CLANG_WARN_INFINITE_RECURSION = YES;
				CLANG_WARN_INT_CONVERSION = YES;
				CLANG_WARN_NON_LITERAL_NULL_CONVERSION = YES;
				CLANG_WARN_OBJC_IMPLICIT_RETAIN_SELF = YES;
				CLANG_WARN_OBJC_LITERAL_CONVERSION = YES;
				CLANG_WARN_OBJC_ROOT_CLASS = YES_ERROR;
				CLANG_WARN_QUOTED_INCLUDE_IN_FRAMEWORK_HEADER = YES;
				CLANG_WARN_RANGE_LOOP_ANALYSIS = YES;
				CLANG_WARN_STRICT_PROTOTYPES = YES;
				CLANG_WARN_SUSPICIOUS_MOVE = YES;
				CLANG_WARN_UNGUARDED_AVAILABILITY = YES_AGGRESSIVE;
				CLANG_WARN_UNREACHABLE_CODE = YES;
				CLANG_WARN__DUPLICATE_METHOD_MATCH = YES;
				COPY_PHASE_STRIP = NO;
				DEBUG_INFORMATION_FORMAT = dwarf;
				ENABLE_STRICT_OBJC_MSGSEND = YES;
				ENABLE_TESTABILITY = YES;
				GCC_C_LANGUAGE_STANDARD = gnu11;
				GCC_DYNAMIC_NO_PIC = NO;
				GCC_NO_COMMON_BLOCKS = YES;
				GCC_OPTIMIZATION_LEVEL = 0;
				GCC_PREPROCESSOR_DEFINITIONS = (
					"DEBUG=1",
					"$(inherited)",
				);
				GCC_WARN_64_TO_32_BIT_CONVERSION = YES;
				GCC_WARN_ABOUT_RETURN_TYPE = YES_ERROR;
				GCC_WARN_UNDECLARED_SELECTOR = YES;
				GCC_WARN_UNINITIALIZED_AUTOS = YES_AGGRESSIVE;
				GCC_WARN_UNUSED_FUNCTION = YES;
				GCC_WARN_UNUSED_VARIABLE = YES;
				IPHONEOS_DEPLOYMENT_TARGET = 15.5;
				MTL_ENABLE_DEBUG_INFO = INCLUDE_SOURCE;
				MTL_FAST_MATH = YES;
				ONLY_ACTIVE_ARCH = YES;
				SDKROOT = iphoneos;
				SWIFT_ACTIVE_COMPILATION_CONDITIONS = DEBUG;
				SWIFT_OPTIMIZATION_LEVEL = "-Onone";
			};
			name = Debug;
		};
		E65779C8284F8E0B00E69329 /* Release */ = {
			isa = XCBuildConfiguration;
			buildSettings = {
				ALWAYS_SEARCH_USER_PATHS = NO;
				CLANG_ANALYZER_NONNULL = YES;
				CLANG_ANALYZER_NUMBER_OBJECT_CONVERSION = YES_AGGRESSIVE;
				CLANG_CXX_LANGUAGE_STANDARD = "gnu++17";
				CLANG_ENABLE_MODULES = YES;
				CLANG_ENABLE_OBJC_ARC = YES;
				CLANG_ENABLE_OBJC_WEAK = YES;
				CLANG_WARN_BLOCK_CAPTURE_AUTORELEASING = YES;
				CLANG_WARN_BOOL_CONVERSION = YES;
				CLANG_WARN_COMMA = YES;
				CLANG_WARN_CONSTANT_CONVERSION = YES;
				CLANG_WARN_DEPRECATED_OBJC_IMPLEMENTATIONS = YES;
				CLANG_WARN_DIRECT_OBJC_ISA_USAGE = YES_ERROR;
				CLANG_WARN_DOCUMENTATION_COMMENTS = YES;
				CLANG_WARN_EMPTY_BODY = YES;
				CLANG_WARN_ENUM_CONVERSION = YES;
				CLANG_WARN_INFINITE_RECURSION = YES;
				CLANG_WARN_INT_CONVERSION = YES;
				CLANG_WARN_NON_LITERAL_NULL_CONVERSION = YES;
				CLANG_WARN_OBJC_IMPLICIT_RETAIN_SELF = YES;
				CLANG_WARN_OBJC_LITERAL_CONVERSION = YES;
				CLANG_WARN_OBJC_ROOT_CLASS = YES_ERROR;
				CLANG_WARN_QUOTED_INCLUDE_IN_FRAMEWORK_HEADER = YES;
				CLANG_WARN_RANGE_LOOP_ANALYSIS = YES;
				CLANG_WARN_STRICT_PROTOTYPES = YES;
				CLANG_WARN_SUSPICIOUS_MOVE = YES;
				CLANG_WARN_UNGUARDED_AVAILABILITY = YES_AGGRESSIVE;
				CLANG_WARN_UNREACHABLE_CODE = YES;
				CLANG_WARN__DUPLICATE_METHOD_MATCH = YES;
				COPY_PHASE_STRIP = NO;
				DEBUG_INFORMATION_FORMAT = "dwarf-with-dsym";
				ENABLE_NS_ASSERTIONS = NO;
				ENABLE_STRICT_OBJC_MSGSEND = YES;
				GCC_C_LANGUAGE_STANDARD = gnu11;
				GCC_NO_COMMON_BLOCKS = YES;
				GCC_WARN_64_TO_32_BIT_CONVERSION = YES;
				GCC_WARN_ABOUT_RETURN_TYPE = YES_ERROR;
				GCC_WARN_UNDECLARED_SELECTOR = YES;
				GCC_WARN_UNINITIALIZED_AUTOS = YES_AGGRESSIVE;
				GCC_WARN_UNUSED_FUNCTION = YES;
				GCC_WARN_UNUSED_VARIABLE = YES;
				IPHONEOS_DEPLOYMENT_TARGET = 15.5;
				MTL_ENABLE_DEBUG_INFO = NO;
				MTL_FAST_MATH = YES;
				SDKROOT = iphoneos;
				SWIFT_COMPILATION_MODE = wholemodule;
				SWIFT_OPTIMIZATION_LEVEL = "-O";
				VALIDATE_PRODUCT = YES;
			};
			name = Release;
		};
		E65779CA284F8E0B00E69329 /* Debug */ = {
			isa = XCBuildConfiguration;
			buildSettings = {
				ASSETCATALOG_COMPILER_APPICON_NAME = AppIcon;
				ASSETCATALOG_COMPILER_GLOBAL_ACCENT_COLOR_NAME = AccentColor;
				CODE_SIGN_STYLE = Automatic;
				CURRENT_PROJECT_VERSION = 1;
				DEVELOPMENT_TEAM = 97CLMGU3FC;
				GENERATE_INFOPLIST_FILE = YES;
				INFOPLIST_FILE = "Atthelic App/Info.plist";
				INFOPLIST_KEY_UIApplicationSupportsIndirectInputEvents = YES;
				INFOPLIST_KEY_UILaunchStoryboardName = LaunchScreen;
				INFOPLIST_KEY_UIMainStoryboardFile = Main;
				INFOPLIST_KEY_UISupportedInterfaceOrientations = UIInterfaceOrientationPortrait;
				INFOPLIST_KEY_UISupportedInterfaceOrientations_iPad = "UIInterfaceOrientationPortrait UIInterfaceOrientationPortraitUpsideDown UIInterfaceOrientationLandscapeLeft UIInterfaceOrientationLandscapeRight";
				INFOPLIST_KEY_UISupportedInterfaceOrientations_iPhone = "UIInterfaceOrientationPortrait UIInterfaceOrientationLandscapeLeft UIInterfaceOrientationLandscapeRight";
				IPHONEOS_DEPLOYMENT_TARGET = 15.0;
				LD_RUNPATH_SEARCH_PATHS = (
					"$(inherited)",
					"@executable_path/Frameworks",
				);
				MARKETING_VERSION = 1.0;
				PRODUCT_BUNDLE_IDENTIFIER = "com.whitehatdevv.test.Atthelic-App";
				PRODUCT_NAME = "$(TARGET_NAME)";
				SWIFT_EMIT_LOC_STRINGS = YES;
				SWIFT_VERSION = 5.0;
				TARGETED_DEVICE_FAMILY = 1;
			};
			name = Debug;
		};
		E65779CB284F8E0B00E69329 /* Release */ = {
			isa = XCBuildConfiguration;
			buildSettings = {
				ASSETCATALOG_COMPILER_APPICON_NAME = AppIcon;
				ASSETCATALOG_COMPILER_GLOBAL_ACCENT_COLOR_NAME = AccentColor;
				CODE_SIGN_STYLE = Automatic;
				CURRENT_PROJECT_VERSION = 1;
				DEVELOPMENT_TEAM = 97CLMGU3FC;
				GENERATE_INFOPLIST_FILE = YES;
				INFOPLIST_FILE = "Atthelic App/Info.plist";
				INFOPLIST_KEY_UIApplicationSupportsIndirectInputEvents = YES;
				INFOPLIST_KEY_UILaunchStoryboardName = LaunchScreen;
				INFOPLIST_KEY_UIMainStoryboardFile = Main;
				INFOPLIST_KEY_UISupportedInterfaceOrientations = UIInterfaceOrientationPortrait;
				INFOPLIST_KEY_UISupportedInterfaceOrientations_iPad = "UIInterfaceOrientationPortrait UIInterfaceOrientationPortraitUpsideDown UIInterfaceOrientationLandscapeLeft UIInterfaceOrientationLandscapeRight";
				INFOPLIST_KEY_UISupportedInterfaceOrientations_iPhone = "UIInterfaceOrientationPortrait UIInterfaceOrientationLandscapeLeft UIInterfaceOrientationLandscapeRight";
				IPHONEOS_DEPLOYMENT_TARGET = 15.0;
				LD_RUNPATH_SEARCH_PATHS = (
					"$(inherited)",
					"@executable_path/Frameworks",
				);
				MARKETING_VERSION = 1.0;
				PRODUCT_BUNDLE_IDENTIFIER = "com.whitehatdevv.test.Atthelic-App";
				PRODUCT_NAME = "$(TARGET_NAME)";
				SWIFT_EMIT_LOC_STRINGS = YES;
				SWIFT_VERSION = 5.0;
				TARGETED_DEVICE_FAMILY = 1;
			};
			name = Release;
		};
		E65779CD284F8E0B00E69329 /* Debug */ = {
			isa = XCBuildConfiguration;
			buildSettings = {
				ALWAYS_EMBED_SWIFT_STANDARD_LIBRARIES = YES;
				BUNDLE_LOADER = "$(TEST_HOST)";
				CODE_SIGN_STYLE = Automatic;
				CURRENT_PROJECT_VERSION = 1;
				DEVELOPMENT_TEAM = 97CLMGU3FC;
				GENERATE_INFOPLIST_FILE = YES;
				IPHONEOS_DEPLOYMENT_TARGET = 15.5;
				MARKETING_VERSION = 1.0;
				PRODUCT_BUNDLE_IDENTIFIER = "com.whitehatdevv.test.Atthelic-AppTests";
				PRODUCT_NAME = "$(TARGET_NAME)";
				SWIFT_EMIT_LOC_STRINGS = NO;
				SWIFT_VERSION = 5.0;
				TARGETED_DEVICE_FAMILY = "1,2";
				TEST_HOST = "$(BUILT_PRODUCTS_DIR)/Atthelic App.app/Atthelic App";
			};
			name = Debug;
		};
		E65779CE284F8E0B00E69329 /* Release */ = {
			isa = XCBuildConfiguration;
			buildSettings = {
				ALWAYS_EMBED_SWIFT_STANDARD_LIBRARIES = YES;
				BUNDLE_LOADER = "$(TEST_HOST)";
				CODE_SIGN_STYLE = Automatic;
				CURRENT_PROJECT_VERSION = 1;
				DEVELOPMENT_TEAM = 97CLMGU3FC;
				GENERATE_INFOPLIST_FILE = YES;
				IPHONEOS_DEPLOYMENT_TARGET = 15.5;
				MARKETING_VERSION = 1.0;
				PRODUCT_BUNDLE_IDENTIFIER = "com.whitehatdevv.test.Atthelic-AppTests";
				PRODUCT_NAME = "$(TARGET_NAME)";
				SWIFT_EMIT_LOC_STRINGS = NO;
				SWIFT_VERSION = 5.0;
				TARGETED_DEVICE_FAMILY = "1,2";
				TEST_HOST = "$(BUILT_PRODUCTS_DIR)/Atthelic App.app/Atthelic App";
			};
			name = Release;
		};
		E65779D0284F8E0B00E69329 /* Debug */ = {
			isa = XCBuildConfiguration;
			buildSettings = {
				ALWAYS_EMBED_SWIFT_STANDARD_LIBRARIES = YES;
				CODE_SIGN_STYLE = Automatic;
				CURRENT_PROJECT_VERSION = 1;
				DEVELOPMENT_TEAM = 97CLMGU3FC;
				GENERATE_INFOPLIST_FILE = YES;
				MARKETING_VERSION = 1.0;
				PRODUCT_BUNDLE_IDENTIFIER = "com.whitehatdevv.test.Atthelic-AppUITests";
				PRODUCT_NAME = "$(TARGET_NAME)";
				SWIFT_EMIT_LOC_STRINGS = NO;
				SWIFT_VERSION = 5.0;
				TARGETED_DEVICE_FAMILY = "1,2";
				TEST_TARGET_NAME = "Atthelic App";
			};
			name = Debug;
		};
		E65779D1284F8E0B00E69329 /* Release */ = {
			isa = XCBuildConfiguration;
			buildSettings = {
				ALWAYS_EMBED_SWIFT_STANDARD_LIBRARIES = YES;
				CODE_SIGN_STYLE = Automatic;
				CURRENT_PROJECT_VERSION = 1;
				DEVELOPMENT_TEAM = 97CLMGU3FC;
				GENERATE_INFOPLIST_FILE = YES;
				MARKETING_VERSION = 1.0;
				PRODUCT_BUNDLE_IDENTIFIER = "com.whitehatdevv.test.Atthelic-AppUITests";
				PRODUCT_NAME = "$(TARGET_NAME)";
				SWIFT_EMIT_LOC_STRINGS = NO;
				SWIFT_VERSION = 5.0;
				TARGETED_DEVICE_FAMILY = "1,2";
				TEST_TARGET_NAME = "Atthelic App";
			};
			name = Release;
		};
/* End XCBuildConfiguration section */

/* Begin XCConfigurationList section */
		E657799A284F8E0700E69329 /* Build configuration list for PBXProject "Atthelic App" */ = {
			isa = XCConfigurationList;
			buildConfigurations = (
				E65779C7284F8E0B00E69329 /* Debug */,
				E65779C8284F8E0B00E69329 /* Release */,
			);
			defaultConfigurationIsVisible = 0;
			defaultConfigurationName = Release;
		};
		E65779C9284F8E0B00E69329 /* Build configuration list for PBXNativeTarget "Atthelic App" */ = {
			isa = XCConfigurationList;
			buildConfigurations = (
				E65779CA284F8E0B00E69329 /* Debug */,
				E65779CB284F8E0B00E69329 /* Release */,
			);
			defaultConfigurationIsVisible = 0;
			defaultConfigurationName = Release;
		};
		E65779CC284F8E0B00E69329 /* Build configuration list for PBXNativeTarget "Atthelic AppTests" */ = {
			isa = XCConfigurationList;
			buildConfigurations = (
				E65779CD284F8E0B00E69329 /* Debug */,
				E65779CE284F8E0B00E69329 /* Release */,
			);
			defaultConfigurationIsVisible = 0;
			defaultConfigurationName = Release;
		};
		E65779CF284F8E0B00E69329 /* Build configuration list for PBXNativeTarget "Atthelic AppUITests" */ = {
			isa = XCConfigurationList;
			buildConfigurations = (
				E65779D0284F8E0B00E69329 /* Debug */,
				E65779D1284F8E0B00E69329 /* Release */,
			);
			defaultConfigurationIsVisible = 0;
			defaultConfigurationName = Release;
		};
/* End XCConfigurationList section */
	};
	rootObject = E6577997284F8E0700E69329 /* Project object */;
}
